// !$*UTF8*$!
{
	archiveVersion = 1;
	classes = {
	};
	objectVersion = 50;
	objects = {

/* Begin PBXBuildFile section */
		55D663AB251E3EC0005C89F0 /* AppDelegate.swift in Sources */ = {isa = PBXBuildFile; fileRef = 55D663AA251E3EC0005C89F0 /* AppDelegate.swift */; };
		55D663AD251E3EC0005C89F0 /* SceneDelegate.swift in Sources */ = {isa = PBXBuildFile; fileRef = 55D663AC251E3EC0005C89F0 /* SceneDelegate.swift */; };
		55D663AF251E3EC0005C89F0 /* ViewController.swift in Sources */ = {isa = PBXBuildFile; fileRef = 55D663AE251E3EC0005C89F0 /* ViewController.swift */; };
		55D663B2251E3EC0005C89F0 /* Main.storyboard in Resources */ = {isa = PBXBuildFile; fileRef = 55D663B0251E3EC0005C89F0 /* Main.storyboard */; };
		55D663B4251E3EC1005C89F0 /* Assets.xcassets in Resources */ = {isa = PBXBuildFile; fileRef = 55D663B3251E3EC1005C89F0 /* Assets.xcassets */; };
		55D663B7251E3EC1005C89F0 /* LaunchScreen.storyboard in Resources */ = {isa = PBXBuildFile; fileRef = 55D663B5251E3EC1005C89F0 /* LaunchScreen.storyboard */; };
		55D663C2251E3EC2005C89F0 /* DoctorTests.swift in Sources */ = {isa = PBXBuildFile; fileRef = 55D663C1251E3EC2005C89F0 /* DoctorTests.swift */; };
		55D663CD251E3EC2005C89F0 /* DoctorUITests.swift in Sources */ = {isa = PBXBuildFile; fileRef = 55D663CC251E3EC2005C89F0 /* DoctorUITests.swift */; };
/* End PBXBuildFile section */

/* Begin PBXContainerItemProxy section */
		55D663BE251E3EC2005C89F0 /* PBXContainerItemProxy */ = {
			isa = PBXContainerItemProxy;
			containerPortal = 55D6639F251E3EC0005C89F0 /* Project object */;
			proxyType = 1;
			remoteGlobalIDString = 55D663A6251E3EC0005C89F0;
			remoteInfo = Doctor;
		};
		55D663C9251E3EC2005C89F0 /* PBXContainerItemProxy */ = {
			isa = PBXContainerItemProxy;
			containerPortal = 55D6639F251E3EC0005C89F0 /* Project object */;
			proxyType = 1;
			remoteGlobalIDString = 55D663A6251E3EC0005C89F0;
			remoteInfo = Doctor;
		};
/* End PBXContainerItemProxy section */

/* Begin PBXFileReference section */
		55D663A7251E3EC0005C89F0 /* Doctor.app */ = {isa = PBXFileReference; explicitFileType = wrapper.application; includeInIndex = 0; path = Doctor.app; sourceTree = BUILT_PRODUCTS_DIR; };
		55D663AA251E3EC0005C89F0 /* AppDelegate.swift */ = {isa = PBXFileReference; lastKnownFileType = sourcecode.swift; path = AppDelegate.swift; sourceTree = "<group>"; };
		55D663AC251E3EC0005C89F0 /* SceneDelegate.swift */ = {isa = PBXFileReference; lastKnownFileType = sourcecode.swift; path = SceneDelegate.swift; sourceTree = "<group>"; };
		55D663AE251E3EC0005C89F0 /* ViewController.swift */ = {isa = PBXFileReference; lastKnownFileType = sourcecode.swift; path = ViewController.swift; sourceTree = "<group>"; };
		55D663B1251E3EC0005C89F0 /* Base */ = {isa = PBXFileReference; lastKnownFileType = file.storyboard; name = Base; path = Base.lproj/Main.storyboard; sourceTree = "<group>"; };
		55D663B3251E3EC1005C89F0 /* Assets.xcassets */ = {isa = PBXFileReference; lastKnownFileType = folder.assetcatalog; path = Assets.xcassets; sourceTree = "<group>"; };
		55D663B6251E3EC1005C89F0 /* Base */ = {isa = PBXFileReference; lastKnownFileType = file.storyboard; name = Base; path = Base.lproj/LaunchScreen.storyboard; sourceTree = "<group>"; };
		55D663B8251E3EC1005C89F0 /* Info.plist */ = {isa = PBXFileReference; lastKnownFileType = text.plist.xml; path = Info.plist; sourceTree = "<group>"; };
		55D663BD251E3EC2005C89F0 /* DoctorTests.xctest */ = {isa = PBXFileReference; explicitFileType = wrapper.cfbundle; includeInIndex = 0; path = DoctorTests.xctest; sourceTree = BUILT_PRODUCTS_DIR; };
		55D663C1251E3EC2005C89F0 /* DoctorTests.swift */ = {isa = PBXFileReference; lastKnownFileType = sourcecode.swift; path = DoctorTests.swift; sourceTree = "<group>"; };
		55D663C3251E3EC2005C89F0 /* Info.plist */ = {isa = PBXFileReference; lastKnownFileType = text.plist.xml; path = Info.plist; sourceTree = "<group>"; };
		55D663C8251E3EC2005C89F0 /* DoctorUITests.xctest */ = {isa = PBXFileReference; explicitFileType = wrapper.cfbundle; includeInIndex = 0; path = DoctorUITests.xctest; sourceTree = BUILT_PRODUCTS_DIR; };
		55D663CC251E3EC2005C89F0 /* DoctorUITests.swift */ = {isa = PBXFileReference; lastKnownFileType = sourcecode.swift; path = DoctorUITests.swift; sourceTree = "<group>"; };
		55D663CE251E3EC2005C89F0 /* Info.plist */ = {isa = PBXFileReference; lastKnownFileType = text.plist.xml; path = Info.plist; sourceTree = "<group>"; };
/* End PBXFileReference section */

/* Begin PBXFrameworksBuildPhase section */
		55D663A4251E3EC0005C89F0 /* Frameworks */ = {
			isa = PBXFrameworksBuildPhase;
			buildActionMask = 2147483647;
			files = (
			);
			runOnlyForDeploymentPostprocessing = 0;
		};
		55D663BA251E3EC2005C89F0 /* Frameworks */ = {
			isa = PBXFrameworksBuildPhase;
			buildActionMask = 2147483647;
			files = (
			);
			runOnlyForDeploymentPostprocessing = 0;
		};
		55D663C5251E3EC2005C89F0 /* Frameworks */ = {
			isa = PBXFrameworksBuildPhase;
			buildActionMask = 2147483647;
			files = (
			);
			runOnlyForDeploymentPostprocessing = 0;
		};
/* End PBXFrameworksBuildPhase section */

/* Begin PBXGroup section */
		55D6639E251E3EC0005C89F0 = {
			isa = PBXGroup;
			children = (
				55D663A9251E3EC0005C89F0 /* Doctor */,
				55D663C0251E3EC2005C89F0 /* DoctorTests */,
				55D663CB251E3EC2005C89F0 /* DoctorUITests */,
				55D663A8251E3EC0005C89F0 /* Products */,
			);
			sourceTree = "<group>";
		};
		55D663A8251E3EC0005C89F0 /* Products */ = {
			isa = PBXGroup;
			children = (
				55D663A7251E3EC0005C89F0 /* Doctor.app */,
				55D663BD251E3EC2005C89F0 /* DoctorTests.xctest */,
				55D663C8251E3EC2005C89F0 /* DoctorUITests.xctest */,
			);
			name = Products;
			sourceTree = "<group>";
		};
		55D663A9251E3EC0005C89F0 /* Doctor */ = {
			isa = PBXGroup;
			children = (
				55D663AA251E3EC0005C89F0 /* AppDelegate.swift */,
				55D663AC251E3EC0005C89F0 /* SceneDelegate.swift */,
				55D663AE251E3EC0005C89F0 /* ViewController.swift */,
				55D663B0251E3EC0005C89F0 /* Main.storyboard */,
				55D663B3251E3EC1005C89F0 /* Assets.xcassets */,
				55D663B5251E3EC1005C89F0 /* LaunchScreen.storyboard */,
				55D663B8251E3EC1005C89F0 /* Info.plist */,
			);
			path = Doctor;
			sourceTree = "<group>";
		};
		55D663C0251E3EC2005C89F0 /* DoctorTests */ = {
			isa = PBXGroup;
			children = (
				55D663C1251E3EC2005C89F0 /* DoctorTests.swift */,
				55D663C3251E3EC2005C89F0 /* Info.plist */,
			);
			path = DoctorTests;
			sourceTree = "<group>";
		};
		55D663CB251E3EC2005C89F0 /* DoctorUITests */ = {
			isa = PBXGroup;
			children = (
				55D663CC251E3EC2005C89F0 /* DoctorUITests.swift */,
				55D663CE251E3EC2005C89F0 /* Info.plist */,
			);
			path = DoctorUITests;
			sourceTree = "<group>";
		};
/* End PBXGroup section */

/* Begin PBXNativeTarget section */
		55D663A6251E3EC0005C89F0 /* Doctor */ = {
			isa = PBXNativeTarget;
			buildConfigurationList = 55D663D1251E3EC2005C89F0 /* Build configuration list for PBXNativeTarget "Doctor" */;
			buildPhases = (
				55D663A3251E3EC0005C89F0 /* Sources */,
				55D663A4251E3EC0005C89F0 /* Frameworks */,
				55D663A5251E3EC0005C89F0 /* Resources */,
			);
			buildRules = (
			);
			dependencies = (
			);
			name = Doctor;
			productName = Doctor;
			productReference = 55D663A7251E3EC0005C89F0 /* Doctor.app */;
			productType = "com.apple.product-type.application";
		};
		55D663BC251E3EC2005C89F0 /* DoctorTests */ = {
			isa = PBXNativeTarget;
			buildConfigurationList = 55D663D4251E3EC2005C89F0 /* Build configuration list for PBXNativeTarget "DoctorTests" */;
			buildPhases = (
				55D663B9251E3EC2005C89F0 /* Sources */,
				55D663BA251E3EC2005C89F0 /* Frameworks */,
				55D663BB251E3EC2005C89F0 /* Resources */,
			);
			buildRules = (
			);
			dependencies = (
				55D663BF251E3EC2005C89F0 /* PBXTargetDependency */,
			);
			name = DoctorTests;
			productName = DoctorTests;
			productReference = 55D663BD251E3EC2005C89F0 /* DoctorTests.xctest */;
			productType = "com.apple.product-type.bundle.unit-test";
		};
		55D663C7251E3EC2005C89F0 /* DoctorUITests */ = {
			isa = PBXNativeTarget;
			buildConfigurationList = 55D663D7251E3EC2005C89F0 /* Build configuration list for PBXNativeTarget "DoctorUITests" */;
			buildPhases = (
				55D663C4251E3EC2005C89F0 /* Sources */,
				55D663C5251E3EC2005C89F0 /* Frameworks */,
				55D663C6251E3EC2005C89F0 /* Resources */,
			);
			buildRules = (
			);
			dependencies = (
				55D663CA251E3EC2005C89F0 /* PBXTargetDependency */,
			);
			name = DoctorUITests;
			productName = DoctorUITests;
			productReference = 55D663C8251E3EC2005C89F0 /* DoctorUITests.xctest */;
			productType = "com.apple.product-type.bundle.ui-testing";
		};
/* End PBXNativeTarget section */

/* Begin PBXProject section */
		55D6639F251E3EC0005C89F0 /* Project object */ = {
			isa = PBXProject;
			attributes = {
				LastSwiftUpdateCheck = 1200;
				LastUpgradeCheck = 1200;
				TargetAttributes = {
					55D663A6251E3EC0005C89F0 = {
						CreatedOnToolsVersion = 12.0;
					};
					55D663BC251E3EC2005C89F0 = {
						CreatedOnToolsVersion = 12.0;
						TestTargetID = 55D663A6251E3EC0005C89F0;
					};
					55D663C7251E3EC2005C89F0 = {
						CreatedOnToolsVersion = 12.0;
						TestTargetID = 55D663A6251E3EC0005C89F0;
					};
				};
			};
			buildConfigurationList = 55D663A2251E3EC0005C89F0 /* Build configuration list for PBXProject "Doctor" */;
			compatibilityVersion = "Xcode 9.3";
			developmentRegion = en;
			hasScannedForEncodings = 0;
			knownRegions = (
				en,
				Base,
			);
			mainGroup = 55D6639E251E3EC0005C89F0;
			productRefGroup = 55D663A8251E3EC0005C89F0 /* Products */;
			projectDirPath = "";
			projectRoot = "";
			targets = (
				55D663A6251E3EC0005C89F0 /* Doctor */,
				55D663BC251E3EC2005C89F0 /* DoctorTests */,
				55D663C7251E3EC2005C89F0 /* DoctorUITests */,
			);
		};
/* End PBXProject section */

/* Begin PBXResourcesBuildPhase section */
		55D663A5251E3EC0005C89F0 /* Resources */ = {
			isa = PBXResourcesBuildPhase;
			buildActionMask = 2147483647;
			files = (
				55D663B7251E3EC1005C89F0 /* LaunchScreen.storyboard in Resources */,
				55D663B4251E3EC1005C89F0 /* Assets.xcassets in Resources */,
				55D663B2251E3EC0005C89F0 /* Main.storyboard in Resources */,
			);
			runOnlyForDeploymentPostprocessing = 0;
		};
		55D663BB251E3EC2005C89F0 /* Resources */ = {
			isa = PBXResourcesBuildPhase;
			buildActionMask = 2147483647;
			files = (
			);
			runOnlyForDeploymentPostprocessing = 0;
		};
		55D663C6251E3EC2005C89F0 /* Resources */ = {
			isa = PBXResourcesBuildPhase;
			buildActionMask = 2147483647;
			files = (
			);
			runOnlyForDeploymentPostprocessing = 0;
		};
/* End PBXResourcesBuildPhase section */

/* Begin PBXSourcesBuildPhase section */
		55D663A3251E3EC0005C89F0 /* Sources */ = {
			isa = PBXSourcesBuildPhase;
			buildActionMask = 2147483647;
			files = (
				55D663AF251E3EC0005C89F0 /* ViewController.swift in Sources */,
				55D663AB251E3EC0005C89F0 /* AppDelegate.swift in Sources */,
				55D663AD251E3EC0005C89F0 /* SceneDelegate.swift in Sources */,
			);
			runOnlyForDeploymentPostprocessing = 0;
		};
		55D663B9251E3EC2005C89F0 /* Sources */ = {
			isa = PBXSourcesBuildPhase;
			buildActionMask = 2147483647;
			files = (
				55D663C2251E3EC2005C89F0 /* DoctorTests.swift in Sources */,
			);
			runOnlyForDeploymentPostprocessing = 0;
		};
		55D663C4251E3EC2005C89F0 /* Sources */ = {
			isa = PBXSourcesBuildPhase;
			buildActionMask = 2147483647;
			files = (
				55D663CD251E3EC2005C89F0 /* DoctorUITests.swift in Sources */,
			);
			runOnlyForDeploymentPostprocessing = 0;
		};
/* End PBXSourcesBuildPhase section */

/* Begin PBXTargetDependency section */
		55D663BF251E3EC2005C89F0 /* PBXTargetDependency */ = {
			isa = PBXTargetDependency;
			target = 55D663A6251E3EC0005C89F0 /* Doctor */;
			targetProxy = 55D663BE251E3EC2005C89F0 /* PBXContainerItemProxy */;
		};
		55D663CA251E3EC2005C89F0 /* PBXTargetDependency */ = {
			isa = PBXTargetDependency;
			target = 55D663A6251E3EC0005C89F0 /* Doctor */;
			targetProxy = 55D663C9251E3EC2005C89F0 /* PBXContainerItemProxy */;
		};
/* End PBXTargetDependency section */

/* Begin PBXVariantGroup section */
		55D663B0251E3EC0005C89F0 /* Main.storyboard */ = {
			isa = PBXVariantGroup;
			children = (
				55D663B1251E3EC0005C89F0 /* Base */,
			);
			name = Main.storyboard;
			sourceTree = "<group>";
		};
		55D663B5251E3EC1005C89F0 /* LaunchScreen.storyboard */ = {
			isa = PBXVariantGroup;
			children = (
				55D663B6251E3EC1005C89F0 /* Base */,
			);
			name = LaunchScreen.storyboard;
			sourceTree = "<group>";
		};
/* End PBXVariantGroup section */

/* Begin XCBuildConfiguration section */
		55D663CF251E3EC2005C89F0 /* Debug */ = {
			isa = XCBuildConfiguration;
			buildSettings = {
				ALWAYS_SEARCH_USER_PATHS = NO;
				CLANG_ANALYZER_NONNULL = YES;
				CLANG_ANALYZER_NUMBER_OBJECT_CONVERSION = YES_AGGRESSIVE;
				CLANG_CXX_LANGUAGE_STANDARD = "gnu++14";
				CLANG_CXX_LIBRARY = "libc++";
				CLANG_ENABLE_MODULES = YES;
				CLANG_ENABLE_OBJC_ARC = YES;
				CLANG_ENABLE_OBJC_WEAK = YES;
				CLANG_WARN_BLOCK_CAPTURE_AUTORELEASING = YES;
				CLANG_WARN_BOOL_CONVERSION = YES;
				CLANG_WARN_COMMA = YES;
				CLANG_WARN_CONSTANT_CONVERSION = YES;
				CLANG_WARN_DEPRECATED_OBJC_IMPLEMENTATIONS = YES;
				CLANG_WARN_DIRECT_OBJC_ISA_USAGE = YES_ERROR;
				CLANG_WARN_DOCUMENTATION_COMMENTS = YES;
				CLANG_WARN_EMPTY_BODY = YES;
				CLANG_WARN_ENUM_CONVERSION = YES;
				CLANG_WARN_INFINITE_RECURSION = YES;
				CLANG_WARN_INT_CONVERSION = YES;
				CLANG_WARN_NON_LITERAL_NULL_CONVERSION = YES;
				CLANG_WARN_OBJC_IMPLICIT_RETAIN_SELF = YES;
				CLANG_WARN_OBJC_LITERAL_CONVERSION = YES;
				CLANG_WARN_OBJC_ROOT_CLASS = YES_ERROR;
				CLANG_WARN_QUOTED_INCLUDE_IN_FRAMEWORK_HEADER = YES;
				CLANG_WARN_RANGE_LOOP_ANALYSIS = YES;
				CLANG_WARN_STRICT_PROTOTYPES = YES;
				CLANG_WARN_SUSPICIOUS_MOVE = YES;
				CLANG_WARN_UNGUARDED_AVAILABILITY = YES_AGGRESSIVE;
				CLANG_WARN_UNREACHABLE_CODE = YES;
				CLANG_WARN__DUPLICATE_METHOD_MATCH = YES;
				COPY_PHASE_STRIP = NO;
				DEBUG_INFORMATION_FORMAT = dwarf;
				ENABLE_STRICT_OBJC_MSGSEND = YES;
				ENABLE_TESTABILITY = YES;
				GCC_C_LANGUAGE_STANDARD = gnu11;
				GCC_DYNAMIC_NO_PIC = NO;
				GCC_NO_COMMON_BLOCKS = YES;
				GCC_OPTIMIZATION_LEVEL = 0;
				GCC_PREPROCESSOR_DEFINITIONS = (
					"DEBUG=1",
					"$(inherited)",
				);
				GCC_WARN_64_TO_32_BIT_CONVERSION = YES;
				GCC_WARN_ABOUT_RETURN_TYPE = YES_ERROR;
				GCC_WARN_UNDECLARED_SELECTOR = YES;
				GCC_WARN_UNINITIALIZED_AUTOS = YES_AGGRESSIVE;
				GCC_WARN_UNUSED_FUNCTION = YES;
				GCC_WARN_UNUSED_VARIABLE = YES;
				IPHONEOS_DEPLOYMENT_TARGET = 14.0;
				MTL_ENABLE_DEBUG_INFO = INCLUDE_SOURCE;
				MTL_FAST_MATH = YES;
				ONLY_ACTIVE_ARCH = YES;
				SDKROOT = iphoneos;
				SWIFT_ACTIVE_COMPILATION_CONDITIONS = DEBUG;
				SWIFT_OPTIMIZATION_LEVEL = "-Onone";
			};
			name = Debug;
		};
		55D663D0251E3EC2005C89F0 /* Release */ = {
			isa = XCBuildConfiguration;
			buildSettings = {
				ALWAYS_SEARCH_USER_PATHS = NO;
				CLANG_ANALYZER_NONNULL = YES;
				CLANG_ANALYZER_NUMBER_OBJECT_CONVERSION = YES_AGGRESSIVE;
				CLANG_CXX_LANGUAGE_STANDARD = "gnu++14";
				CLANG_CXX_LIBRARY = "libc++";
				CLANG_ENABLE_MODULES = YES;
				CLANG_ENABLE_OBJC_ARC = YES;
				CLANG_ENABLE_OBJC_WEAK = YES;
				CLANG_WARN_BLOCK_CAPTURE_AUTORELEASING = YES;
				CLANG_WARN_BOOL_CONVERSION = YES;
				CLANG_WARN_COMMA = YES;
				CLANG_WARN_CONSTANT_CONVERSION = YES;
				CLANG_WARN_DEPRECATED_OBJC_IMPLEMENTATIONS = YES;
				CLANG_WARN_DIRECT_OBJC_ISA_USAGE = YES_ERROR;
				CLANG_WARN_DOCUMENTATION_COMMENTS = YES;
				CLANG_WARN_EMPTY_BODY = YES;
				CLANG_WARN_ENUM_CONVERSION = YES;
				CLANG_WARN_INFINITE_RECURSION = YES;
				CLANG_WARN_INT_CONVERSION = YES;
				CLANG_WARN_NON_LITERAL_NULL_CONVERSION = YES;
				CLANG_WARN_OBJC_IMPLICIT_RETAIN_SELF = YES;
				CLANG_WARN_OBJC_LITERAL_CONVERSION = YES;
				CLANG_WARN_OBJC_ROOT_CLASS = YES_ERROR;
				CLANG_WARN_QUOTED_INCLUDE_IN_FRAMEWORK_HEADER = YES;
				CLANG_WARN_RANGE_LOOP_ANALYSIS = YES;
				CLANG_WARN_STRICT_PROTOTYPES = YES;
				CLANG_WARN_SUSPICIOUS_MOVE = YES;
				CLANG_WARN_UNGUARDED_AVAILABILITY = YES_AGGRESSIVE;
				CLANG_WARN_UNREACHABLE_CODE = YES;
				CLANG_WARN__DUPLICATE_METHOD_MATCH = YES;
				COPY_PHASE_STRIP = NO;
				DEBUG_INFORMATION_FORMAT = "dwarf-with-dsym";
				ENABLE_NS_ASSERTIONS = NO;
				ENABLE_STRICT_OBJC_MSGSEND = YES;
				GCC_C_LANGUAGE_STANDARD = gnu11;
				GCC_NO_COMMON_BLOCKS = YES;
				GCC_WARN_64_TO_32_BIT_CONVERSION = YES;
				GCC_WARN_ABOUT_RETURN_TYPE = YES_ERROR;
				GCC_WARN_UNDECLARED_SELECTOR = YES;
				GCC_WARN_UNINITIALIZED_AUTOS = YES_AGGRESSIVE;
				GCC_WARN_UNUSED_FUNCTION = YES;
				GCC_WARN_UNUSED_VARIABLE = YES;
				IPHONEOS_DEPLOYMENT_TARGET = 14.0;
				MTL_ENABLE_DEBUG_INFO = NO;
				MTL_FAST_MATH = YES;
				SDKROOT = iphoneos;
				SWIFT_COMPILATION_MODE = wholemodule;
				SWIFT_OPTIMIZATION_LEVEL = "-O";
				VALIDATE_PRODUCT = YES;
			};
			name = Release;
		};
		55D663D2251E3EC2005C89F0 /* Debug */ = {
			isa = XCBuildConfiguration;
			buildSettings = {
				ASSETCATALOG_COMPILER_APPICON_NAME = AppIcon;
				ASSETCATALOG_COMPILER_GLOBAL_ACCENT_COLOR_NAME = AccentColor;
				CODE_SIGN_STYLE = Automatic;
				DEVELOPMENT_TEAM = 7P6AJEE272;
				INFOPLIST_FILE = Doctor/Info.plist;
				LD_RUNPATH_SEARCH_PATHS = (
					"$(inherited)",
					"@executable_path/Frameworks",
				);
				PRODUCT_BUNDLE_IDENTIFIER = com.iosdevschool.Doctor;
				PRODUCT_NAME = "$(TARGET_NAME)";
				SWIFT_VERSION = 5.0;
				TARGETED_DEVICE_FAMILY = "1,2";
			};
			name = Debug;
		};
		55D663D3251E3EC2005C89F0 /* Release */ = {
			isa = XCBuildConfiguration;
			buildSettings = {
				ASSETCATALOG_COMPILER_APPICON_NAME = AppIcon;
				ASSETCATALOG_COMPILER_GLOBAL_ACCENT_COLOR_NAME = AccentColor;
				CODE_SIGN_STYLE = Automatic;
				DEVELOPMENT_TEAM = 7P6AJEE272;
				INFOPLIST_FILE = Doctor/Info.plist;
				LD_RUNPATH_SEARCH_PATHS = (
					"$(inherited)",
					"@executable_path/Frameworks",
				);
				PRODUCT_BUNDLE_IDENTIFIER = com.iosdevschool.Doctor;
				PRODUCT_NAME = "$(TARGET_NAME)";
				SWIFT_VERSION = 5.0;
				TARGETED_DEVICE_FAMILY = "1,2";
			};
			name = Release;
		};
		55D663D5251E3EC2005C89F0 /* Debug */ = {
			isa = XCBuildConfiguration;
			buildSettings = {
				ALWAYS_EMBED_SWIFT_STANDARD_LIBRARIES = YES;
				BUNDLE_LOADER = "$(TEST_HOST)";
				CODE_SIGN_STYLE = Automatic;
				DEVELOPMENT_TEAM = 7P6AJEE272;
				INFOPLIST_FILE = DoctorTests/Info.plist;
				IPHONEOS_DEPLOYMENT_TARGET = 14.0;
				LD_RUNPATH_SEARCH_PATHS = (
					"$(inherited)",
					"@executable_path/Frameworks",
					"@loader_path/Frameworks",
				);
				PRODUCT_BUNDLE_IDENTIFIER = com.iosdevschool.DoctorTests;
				PRODUCT_NAME = "$(TARGET_NAME)";
				SWIFT_VERSION = 5.0;
				TARGETED_DEVICE_FAMILY = "1,2";
				TEST_HOST = "$(BUILT_PRODUCTS_DIR)/Doctor.app/Doctor";
			};
			name = Debug;
		};
		55D663D6251E3EC2005C89F0 /* Release */ = {
			isa = XCBuildConfiguration;
			buildSettings = {
				ALWAYS_EMBED_SWIFT_STANDARD_LIBRARIES = YES;
				BUNDLE_LOADER = "$(TEST_HOST)";
				CODE_SIGN_STYLE = Automatic;
				DEVELOPMENT_TEAM = 7P6AJEE272;
				INFOPLIST_FILE = DoctorTests/Info.plist;
				IPHONEOS_DEPLOYMENT_TARGET = 14.0;
				LD_RUNPATH_SEARCH_PATHS = (
					"$(inherited)",
					"@executable_path/Frameworks",
					"@loader_path/Frameworks",
				);
				PRODUCT_BUNDLE_IDENTIFIER = com.iosdevschool.DoctorTests;
				PRODUCT_NAME = "$(TARGET_NAME)";
				SWIFT_VERSION = 5.0;
				TARGETED_DEVICE_FAMILY = "1,2";
				TEST_HOST = "$(BUILT_PRODUCTS_DIR)/Doctor.app/Doctor";
			};
			name = Release;
		};
		55D663D8251E3EC2005C89F0 /* Debug */ = {
			isa = XCBuildConfiguration;
			buildSettings = {
				ALWAYS_EMBED_SWIFT_STANDARD_LIBRARIES = YES;
				CODE_SIGN_STYLE = Automatic;
				DEVELOPMENT_TEAM = 7P6AJEE272;
				INFOPLIST_FILE = DoctorUITests/Info.plist;
				LD_RUNPATH_SEARCH_PATHS = (
					"$(inherited)",
					"@executable_path/Frameworks",
					"@loader_path/Frameworks",
				);
				PRODUCT_BUNDLE_IDENTIFIER = com.iosdevschool.DoctorUITests;
				PRODUCT_NAME = "$(TARGET_NAME)";
				SWIFT_VERSION = 5.0;
				TARGETED_DEVICE_FAMILY = "1,2";
				TEST_TARGET_NAME = Doctor;
			};
			name = Debug;
		};
		55D663D9251E3EC2005C89F0 /* Release */ = {
			isa = XCBuildConfiguration;
			buildSettings = {
				ALWAYS_EMBED_SWIFT_STANDARD_LIBRARIES = YES;
				CODE_SIGN_STYLE = Automatic;
				DEVELOPMENT_TEAM = 7P6AJEE272;
				INFOPLIST_FILE = DoctorUITests/Info.plist;
				LD_RUNPATH_SEARCH_PATHS = (
					"$(inherited)",
					"@executable_path/Frameworks",
					"@loader_path/Frameworks",
				);
				PRODUCT_BUNDLE_IDENTIFIER = com.iosdevschool.DoctorUITests;
				PRODUCT_NAME = "$(TARGET_NAME)";
				SWIFT_VERSION = 5.0;
				TARGETED_DEVICE_FAMILY = "1,2";
				TEST_TARGET_NAME = Doctor;
			};
			name = Release;
		};
/* End XCBuildConfiguration section */

/* Begin XCConfigurationList section */
		55D663A2251E3EC0005C89F0 /* Build configuration list for PBXProject "Doctor" */ = {
			isa = XCConfigurationList;
			buildConfigurations = (
				55D663CF251E3EC2005C89F0 /* Debug */,
				55D663D0251E3EC2005C89F0 /* Release */,
			);
			defaultConfigurationIsVisible = 0;
			defaultConfigurationName = Release;
		};
		55D663D1251E3EC2005C89F0 /* Build configuration list for PBXNativeTarget "Doctor" */ = {
			isa = XCConfigurationList;
			buildConfigurations = (
				55D663D2251E3EC2005C89F0 /* Debug */,
				55D663D3251E3EC2005C89F0 /* Release */,
			);
			defaultConfigurationIsVisible = 0;
			defaultConfigurationName = Release;
		};
		55D663D4251E3EC2005C89F0 /* Build configuration list for PBXNativeTarget "DoctorTests" */ = {
			isa = XCConfigurationList;
			buildConfigurations = (
				55D663D5251E3EC2005C89F0 /* Debug */,
				55D663D6251E3EC2005C89F0 /* Release */,
			);
			defaultConfigurationIsVisible = 0;
			defaultConfigurationName = Release;
		};
		55D663D7251E3EC2005C89F0 /* Build configuration list for PBXNativeTarget "DoctorUITests" */ = {
			isa = XCConfigurationList;
			buildConfigurations = (
				55D663D8251E3EC2005C89F0 /* Debug */,
				55D663D9251E3EC2005C89F0 /* Release */,
			);
			defaultConfigurationIsVisible = 0;
			defaultConfigurationName = Release;
		};
/* End XCConfigurationList section */
	};
	rootObject = 55D6639F251E3EC0005C89F0 /* Project object */;
}
